
Microsoft Visual Studio Solution File, Format Version 12.00
Project("{FAE04EC0-301F-11D3-BF4B-00C04F79EFBC}") = "fastgtfstomysql", "fastgtfstomysql\fastgtfstomysql.csproj", "{D6689DD0-8757-49D0-B32C-074AAFF88DFA}"
EndProject
Global
	GlobalSection(SolutionConfigurationPlatforms) = preSolution
		Debug|Any CPU = Debug|Any CPU
		Release|Any CPU = Release|Any CPU
	EndGlobalSection
	GlobalSection(ProjectConfigurationPlatforms) = postSolution
		{D6689DD0-8757-49D0-B32C-074AAFF88DFA}.Debug|Any CPU.ActiveCfg = Debug|Any CPU
		{D6689DD0-8757-49D0-B32C-074AAFF88DFA}.Debug|Any CPU.Build.0 = Debug|Any CPU
		{D6689DD0-8757-49D0-B32C-074AAFF88DFA}.Release|Any CPU.ActiveCfg = Release|Any CPU
		{D6689DD0-8757-49D0-B32C-074AAFF88DFA}.Release|Any CPU.Build.0 = Release|Any CPU
	EndGlobalSection
EndGlobal
